
Microsoft Visual Studio Solution File, Format Version 12.00
# Visual Studio Version 17
VisualStudioVersion = 17.1.32328.378
MinimumVisualStudioVersion = 10.0.40219.1
Project("{FAE04EC0-301F-11D3-BF4B-00C04F79EFBC}") = "Mod11_1302204043", "Mod11_1302204043\Mod11_1302204043.csproj", "{1AEF38CD-F936-46AC-A7F6-AC036F4E81E3}"
EndProject
Global
	GlobalSection(SolutionConfigurationPlatforms) = preSolution
		Debug|Any CPU = Debug|Any CPU
		Release|Any CPU = Release|Any CPU
	EndGlobalSection
	GlobalSection(ProjectConfigurationPlatforms) = postSolution
		{1AEF38CD-F936-46AC-A7F6-AC036F4E81E3}.Debug|Any CPU.ActiveCfg = Debug|Any CPU
		{1AEF38CD-F936-46AC-A7F6-AC036F4E81E3}.Debug|Any CPU.Build.0 = Debug|Any CPU
		{1AEF38CD-F936-46AC-A7F6-AC036F4E81E3}.Release|Any CPU.ActiveCfg = Release|Any CPU
		{1AEF38CD-F936-46AC-A7F6-AC036F4E81E3}.Release|Any CPU.Build.0 = Release|Any CPU
	EndGlobalSection
	GlobalSection(SolutionProperties) = preSolution
		HideSolutionNode = FALSE
	EndGlobalSection
	GlobalSection(ExtensibilityGlobals) = postSolution
		SolutionGuid = {8AA5D0EC-D703-4D63-8C86-4B701597D4A8}
	EndGlobalSection
EndGlobal
